
Microsoft Visual Studio Solution File, Format Version 12.00
# Visual Studio 15
VisualStudioVersion = 15.0.28307.572
MinimumVisualStudioVersion = 10.0.40219.1
Project("{9A19103F-16F7-4668-BE54-9A1E7A4F7556}") = "LaboratorioArlissonMenacho", "LaboratorioArlissonMenacho.csproj", "{08DA9438-6B75-478E-A29D-F052B1A13418}"
EndProject
Global
	GlobalSection(SolutionConfigurationPlatforms) = preSolution
		Debug|Any CPU = Debug|Any CPU
		Release|Any CPU = Release|Any CPU
	EndGlobalSection
	GlobalSection(ProjectConfigurationPlatforms) = postSolution
		{08DA9438-6B75-478E-A29D-F052B1A13418}.Debug|Any CPU.ActiveCfg = Debug|Any CPU
		{08DA9438-6B75-478E-A29D-F052B1A13418}.Debug|Any CPU.Build.0 = Debug|Any CPU
		{08DA9438-6B75-478E-A29D-F052B1A13418}.Release|Any CPU.ActiveCfg = Release|Any CPU
		{08DA9438-6B75-478E-A29D-F052B1A13418}.Release|Any CPU.Build.0 = Release|Any CPU
	EndGlobalSection
	GlobalSection(SolutionProperties) = preSolution
		HideSolutionNode = FALSE
	EndGlobalSection
	GlobalSection(ExtensibilityGlobals) = postSolution
		SolutionGuid = {04EA9517-172C-44B1-88EF-BA1C07E0E81A}
	EndGlobalSection
EndGlobal
